
Microsoft Visual Studio Solution File, Format Version 12.00
# Visual Studio 14
VisualStudioVersion = 14.0.25420.1
MinimumVisualStudioVersion = 10.0.40219.1
Project("{FAE04EC0-301F-11D3-BF4B-00C04F79EFBC}") = "Criptografia", "Criptografia\Criptografia.csproj", "{2D554662-5145-4F3F-968C-8F732FD3A8C1}"
EndProject
Project("{FAE04EC0-301F-11D3-BF4B-00C04F79EFBC}") = "CriptoTeste", "CriptoTeste\CriptoTeste.csproj", "{59064E51-1842-46D9-8025-46D5BC5A120A}"
EndProject
Global
	GlobalSection(SolutionConfigurationPlatforms) = preSolution
		Debug|Any CPU = Debug|Any CPU
		Release|Any CPU = Release|Any CPU
	EndGlobalSection
	GlobalSection(ProjectConfigurationPlatforms) = postSolution
		{2D554662-5145-4F3F-968C-8F732FD3A8C1}.Debug|Any CPU.ActiveCfg = Debug|Any CPU
		{2D554662-5145-4F3F-968C-8F732FD3A8C1}.Debug|Any CPU.Build.0 = Debug|Any CPU
		{2D554662-5145-4F3F-968C-8F732FD3A8C1}.Release|Any CPU.ActiveCfg = Release|Any CPU
		{2D554662-5145-4F3F-968C-8F732FD3A8C1}.Release|Any CPU.Build.0 = Release|Any CPU
		{59064E51-1842-46D9-8025-46D5BC5A120A}.Debug|Any CPU.ActiveCfg = Debug|Any CPU
		{59064E51-1842-46D9-8025-46D5BC5A120A}.Debug|Any CPU.Build.0 = Debug|Any CPU
		{59064E51-1842-46D9-8025-46D5BC5A120A}.Release|Any CPU.ActiveCfg = Release|Any CPU
		{59064E51-1842-46D9-8025-46D5BC5A120A}.Release|Any CPU.Build.0 = Release|Any CPU
	EndGlobalSection
	GlobalSection(SolutionProperties) = preSolution
		HideSolutionNode = FALSE
	EndGlobalSection
EndGlobal
